
Microsoft Visual Studio Solution File, Format Version 12.00
# Visual Studio Version 17
VisualStudioVersion = 17.3.32819.101
MinimumVisualStudioVersion = 10.0.40219.1
Project("{FAE04EC0-301F-11D3-BF4B-00C04F79EFBC}") = "primerejercicioObjeto", "primerejercicioObjeto\primerejercicioObjeto.csproj", "{ABBA0F8C-6B58-46E2-BB71-945C9F576C22}"
EndProject
Global
	GlobalSection(SolutionConfigurationPlatforms) = preSolution
		Debug|Any CPU = Debug|Any CPU
		Release|Any CPU = Release|Any CPU
	EndGlobalSection
	GlobalSection(ProjectConfigurationPlatforms) = postSolution
		{ABBA0F8C-6B58-46E2-BB71-945C9F576C22}.Debug|Any CPU.ActiveCfg = Debug|Any CPU
		{ABBA0F8C-6B58-46E2-BB71-945C9F576C22}.Debug|Any CPU.Build.0 = Debug|Any CPU
		{ABBA0F8C-6B58-46E2-BB71-945C9F576C22}.Release|Any CPU.ActiveCfg = Release|Any CPU
		{ABBA0F8C-6B58-46E2-BB71-945C9F576C22}.Release|Any CPU.Build.0 = Release|Any CPU
	EndGlobalSection
	GlobalSection(SolutionProperties) = preSolution
		HideSolutionNode = FALSE
	EndGlobalSection
	GlobalSection(ExtensibilityGlobals) = postSolution
		SolutionGuid = {5F0869D2-59CA-465B-8C42-6A319709126D}
	EndGlobalSection
EndGlobal
